lockfileVersion: '6.0'

settings:
  autoInstallPeers: true
  excludeLinksFromLockfile: false

dependencies:
  '@prb/math':
    specifier: ^4.0.2
    version: 4.0.2

packages:

  /@prb/math@4.0.2:
    resolution: {integrity: sha512-kJgqvXR6iyU7+N959RzggSFhBdnRuSDnc/bs8u6MzdWw7aYIUaAr+uMVdpP6Dheypjerd7sfJgFOs19FRFhscg==}
    dev: false
